
Microsoft Visual Studio Solution File, Format Version 12.00
# Visual Studio Version 16
VisualStudioVersion = 16.0.32106.194
MinimumVisualStudioVersion = 10.0.40219.1
Project("{FAE04EC0-301F-11D3-BF4B-00C04F79EFBC}") = "DigiTurkSeries.Entities", "DigiTurkSeries.Entities\DigiTurkSeries.Entities.csproj", "{038FF0DB-4FD6-4BF0-ADC1-79A1EACDD73B}"
EndProject
Project("{FAE04EC0-301F-11D3-BF4B-00C04F79EFBC}") = "DigiTurkSeries.Business", "DigiTurkSeries.Business\DigiTurkSeries.Business.csproj", "{834D6D72-44FF-46D4-8502-545127EC30C1}"
EndProject
Project("{FAE04EC0-301F-11D3-BF4B-00C04F79EFBC}") = "DigiTurkSeries.API", "DigiTurkSeries.API\DigiTurkSeries.API.csproj", "{C92EA550-669E-4194-9EA9-DB36EA808A0D}"
EndProject
Project("{FAE04EC0-301F-11D3-BF4B-00C04F79EFBC}") = "DigiTurkSeries.DataAccess", "DigiTurkSeries.DataAccess\DigiTurkSeries.DataAccess.csproj", "{1A3EB1C5-8A27-4194-87F0-DA2253236086}"
EndProject
Global
	GlobalSection(SolutionConfigurationPlatforms) = preSolution
		Debug|Any CPU = Debug|Any CPU
		Release|Any CPU = Release|Any CPU
	EndGlobalSection
	GlobalSection(ProjectConfigurationPlatforms) = postSolution
		{038FF0DB-4FD6-4BF0-ADC1-79A1EACDD73B}.Debug|Any CPU.ActiveCfg = Debug|Any CPU
		{038FF0DB-4FD6-4BF0-ADC1-79A1EACDD73B}.Debug|Any CPU.Build.0 = Debug|Any CPU
		{038FF0DB-4FD6-4BF0-ADC1-79A1EACDD73B}.Release|Any CPU.ActiveCfg = Release|Any CPU
		{038FF0DB-4FD6-4BF0-ADC1-79A1EACDD73B}.Release|Any CPU.Build.0 = Release|Any CPU
		{834D6D72-44FF-46D4-8502-545127EC30C1}.Debug|Any CPU.ActiveCfg = Debug|Any CPU
		{834D6D72-44FF-46D4-8502-545127EC30C1}.Debug|Any CPU.Build.0 = Debug|Any CPU
		{834D6D72-44FF-46D4-8502-545127EC30C1}.Release|Any CPU.ActiveCfg = Release|Any CPU
		{834D6D72-44FF-46D4-8502-545127EC30C1}.Release|Any CPU.Build.0 = Release|Any CPU
		{C92EA550-669E-4194-9EA9-DB36EA808A0D}.Debug|Any CPU.ActiveCfg = Debug|Any CPU
		{C92EA550-669E-4194-9EA9-DB36EA808A0D}.Debug|Any CPU.Build.0 = Debug|Any CPU
		{C92EA550-669E-4194-9EA9-DB36EA808A0D}.Release|Any CPU.ActiveCfg = Release|Any CPU
		{C92EA550-669E-4194-9EA9-DB36EA808A0D}.Release|Any CPU.Build.0 = Release|Any CPU
		{1A3EB1C5-8A27-4194-87F0-DA2253236086}.Debug|Any CPU.ActiveCfg = Debug|Any CPU
		{1A3EB1C5-8A27-4194-87F0-DA2253236086}.Debug|Any CPU.Build.0 = Debug|Any CPU
		{1A3EB1C5-8A27-4194-87F0-DA2253236086}.Release|Any CPU.ActiveCfg = Release|Any CPU
		{1A3EB1C5-8A27-4194-87F0-DA2253236086}.Release|Any CPU.Build.0 = Release|Any CPU
	EndGlobalSection
	GlobalSection(SolutionProperties) = preSolution
		HideSolutionNode = FALSE
	EndGlobalSection
	GlobalSection(ExtensibilityGlobals) = postSolution
		SolutionGuid = {FEEC8F9D-F3B8-421F-86C8-20397CAE4515}
	EndGlobalSection
EndGlobal
